// !$*UTF8*$!
{
	archiveVersion = 1;
	classes = {
	};
	objectVersion = 56;
	objects = {

/* Begin PBXBuildFile section */
		0F8CF91B08A5FF3334F33882 /* Pods_TMDB_TMDBUITests.framework in Frameworks */ = {isa = PBXBuildFile; fileRef = 5AACD16488D78B439923CD96 /* Pods_TMDB_TMDBUITests.framework */; };
		43233AA22B77D0B0008F03DB /* AppDelegate.swift in Sources */ = {isa = PBXBuildFile; fileRef = 43233AA12B77D0B0008F03DB /* AppDelegate.swift */; };
		43233AA42B77D0B0008F03DB /* SceneDelegate.swift in Sources */ = {isa = PBXBuildFile; fileRef = 43233AA32B77D0B0008F03DB /* SceneDelegate.swift */; };
		43233AA62B77D0B0008F03DB /* ViewController.swift in Sources */ = {isa = PBXBuildFile; fileRef = 43233AA52B77D0B0008F03DB /* ViewController.swift */; };
		43233AA92B77D0B0008F03DB /* Main.storyboard in Resources */ = {isa = PBXBuildFile; fileRef = 43233AA72B77D0B0008F03DB /* Main.storyboard */; };
		43233AAB2B77D0B4008F03DB /* Assets.xcassets in Resources */ = {isa = PBXBuildFile; fileRef = 43233AAA2B77D0B4008F03DB /* Assets.xcassets */; };
		43233AAE2B77D0B4008F03DB /* LaunchScreen.storyboard in Resources */ = {isa = PBXBuildFile; fileRef = 43233AAC2B77D0B4008F03DB /* LaunchScreen.storyboard */; };
		43233AB92B77D0B5008F03DB /* TMDBTests.swift in Sources */ = {isa = PBXBuildFile; fileRef = 43233AB82B77D0B5008F03DB /* TMDBTests.swift */; };
		43233AC32B77D0B5008F03DB /* TMDBUITests.swift in Sources */ = {isa = PBXBuildFile; fileRef = 43233AC22B77D0B5008F03DB /* TMDBUITests.swift */; };
		43233AC52B77D0B5008F03DB /* TMDBUITestsLaunchTests.swift in Sources */ = {isa = PBXBuildFile; fileRef = 43233AC42B77D0B5008F03DB /* TMDBUITestsLaunchTests.swift */; };
		43233AD92B77DFB8008F03DB /* Credentials.swift in Sources */ = {isa = PBXBuildFile; fileRef = 43233AD82B77DFB8008F03DB /* Credentials.swift */; };
		43233ADB2B77DFF5008F03DB /* PredefinedConstants.swift in Sources */ = {isa = PBXBuildFile; fileRef = 43233ADA2B77DFF5008F03DB /* PredefinedConstants.swift */; };
		43233ADD2B77E4DC008F03DB /* Result.swift in Sources */ = {isa = PBXBuildFile; fileRef = 43233ADC2B77E4DC008F03DB /* Result.swift */; };
		43233ADF2B77E55D008F03DB /* TVShowModel.swift in Sources */ = {isa = PBXBuildFile; fileRef = 43233ADE2B77E55D008F03DB /* TVShowModel.swift */; };
		43233AE12B7802FC008F03DB /* NetworkProvider.swift in Sources */ = {isa = PBXBuildFile; fileRef = 43233AE02B7802FC008F03DB /* NetworkProvider.swift */; };
		43233AE32B780584008F03DB /* NetworkService.swift in Sources */ = {isa = PBXBuildFile; fileRef = 43233AE22B780584008F03DB /* NetworkService.swift */; };
		51E016F0EEBEDD26AD26FE56 /* Pods_TMDBTests.framework in Frameworks */ = {isa = PBXBuildFile; fileRef = 5757469C0CCB3D409E4370E6 /* Pods_TMDBTests.framework */; };
		9556A00573304EC108E286DD /* Pods_TMDB.framework in Frameworks */ = {isa = PBXBuildFile; fileRef = F6BEF8B5094D86299B1B63BF /* Pods_TMDB.framework */; };
/* End PBXBuildFile section */

/* Begin PBXContainerItemProxy section */
		43233AB52B77D0B5008F03DB /* PBXContainerItemProxy */ = {
			isa = PBXContainerItemProxy;
			containerPortal = 43233A962B77D0B0008F03DB /* Project object */;
			proxyType = 1;
			remoteGlobalIDString = 43233A9D2B77D0B0008F03DB;
			remoteInfo = TMDB;
		};
		43233ABF2B77D0B5008F03DB /* PBXContainerItemProxy */ = {
			isa = PBXContainerItemProxy;
			containerPortal = 43233A962B77D0B0008F03DB /* Project object */;
			proxyType = 1;
			remoteGlobalIDString = 43233A9D2B77D0B0008F03DB;
			remoteInfo = TMDB;
		};
/* End PBXContainerItemProxy section */

/* Begin PBXFileReference section */
		00385E6017B8C34BC5F77EE5 /* Pods-TMDB.debug.xcconfig */ = {isa = PBXFileReference; includeInIndex = 1; lastKnownFileType = text.xcconfig; name = "Pods-TMDB.debug.xcconfig"; path = "Target Support Files/Pods-TMDB/Pods-TMDB.debug.xcconfig"; sourceTree = "<group>"; };
		06F76946BB8F544DC6BF159D /* Pods-TMDB.release.xcconfig */ = {isa = PBXFileReference; includeInIndex = 1; lastKnownFileType = text.xcconfig; name = "Pods-TMDB.release.xcconfig"; path = "Target Support Files/Pods-TMDB/Pods-TMDB.release.xcconfig"; sourceTree = "<group>"; };
		0A95567623EC419D2C029362 /* Pods-TMDBTests.release.xcconfig */ = {isa = PBXFileReference; includeInIndex = 1; lastKnownFileType = text.xcconfig; name = "Pods-TMDBTests.release.xcconfig"; path = "Target Support Files/Pods-TMDBTests/Pods-TMDBTests.release.xcconfig"; sourceTree = "<group>"; };
		43233A9E2B77D0B0008F03DB /* TMDB.app */ = {isa = PBXFileReference; explicitFileType = wrapper.application; includeInIndex = 0; path = TMDB.app; sourceTree = BUILT_PRODUCTS_DIR; };
		43233AA12B77D0B0008F03DB /* AppDelegate.swift */ = {isa = PBXFileReference; lastKnownFileType = sourcecode.swift; path = AppDelegate.swift; sourceTree = "<group>"; };
		43233AA32B77D0B0008F03DB /* SceneDelegate.swift */ = {isa = PBXFileReference; lastKnownFileType = sourcecode.swift; path = SceneDelegate.swift; sourceTree = "<group>"; };
		43233AA52B77D0B0008F03DB /* ViewController.swift */ = {isa = PBXFileReference; lastKnownFileType = sourcecode.swift; path = ViewController.swift; sourceTree = "<group>"; };
		43233AA82B77D0B0008F03DB /* Base */ = {isa = PBXFileReference; lastKnownFileType = file.storyboard; name = Base; path = Base.lproj/Main.storyboard; sourceTree = "<group>"; };
		43233AAA2B77D0B4008F03DB /* Assets.xcassets */ = {isa = PBXFileReference; lastKnownFileType = folder.assetcatalog; path = Assets.xcassets; sourceTree = "<group>"; };
		43233AAD2B77D0B4008F03DB /* Base */ = {isa = PBXFileReference; lastKnownFileType = file.storyboard; name = Base; path = Base.lproj/LaunchScreen.storyboard; sourceTree = "<group>"; };
		43233AAF2B77D0B5008F03DB /* Info.plist */ = {isa = PBXFileReference; lastKnownFileType = text.plist.xml; path = Info.plist; sourceTree = "<group>"; };
		43233AB42B77D0B5008F03DB /* TMDBTests.xctest */ = {isa = PBXFileReference; explicitFileType = wrapper.cfbundle; includeInIndex = 0; path = TMDBTests.xctest; sourceTree = BUILT_PRODUCTS_DIR; };
		43233AB82B77D0B5008F03DB /* TMDBTests.swift */ = {isa = PBXFileReference; lastKnownFileType = sourcecode.swift; path = TMDBTests.swift; sourceTree = "<group>"; };
		43233ABE2B77D0B5008F03DB /* TMDBUITests.xctest */ = {isa = PBXFileReference; explicitFileType = wrapper.cfbundle; includeInIndex = 0; path = TMDBUITests.xctest; sourceTree = BUILT_PRODUCTS_DIR; };
		43233AC22B77D0B5008F03DB /* TMDBUITests.swift */ = {isa = PBXFileReference; lastKnownFileType = sourcecode.swift; path = TMDBUITests.swift; sourceTree = "<group>"; };
		43233AC42B77D0B5008F03DB /* TMDBUITestsLaunchTests.swift */ = {isa = PBXFileReference; lastKnownFileType = sourcecode.swift; path = TMDBUITestsLaunchTests.swift; sourceTree = "<group>"; };
		43233AD82B77DFB8008F03DB /* Credentials.swift */ = {isa = PBXFileReference; lastKnownFileType = sourcecode.swift; path = Credentials.swift; sourceTree = "<group>"; };
		43233ADA2B77DFF5008F03DB /* PredefinedConstants.swift */ = {isa = PBXFileReference; lastKnownFileType = sourcecode.swift; path = PredefinedConstants.swift; sourceTree = "<group>"; };
		43233ADC2B77E4DC008F03DB /* Result.swift */ = {isa = PBXFileReference; lastKnownFileType = sourcecode.swift; path = Result.swift; sourceTree = "<group>"; };
		43233ADE2B77E55D008F03DB /* TVShowModel.swift */ = {isa = PBXFileReference; lastKnownFileType = sourcecode.swift; path = TVShowModel.swift; sourceTree = "<group>"; };
		43233AE02B7802FC008F03DB /* NetworkProvider.swift */ = {isa = PBXFileReference; lastKnownFileType = sourcecode.swift; path = NetworkProvider.swift; sourceTree = "<group>"; };
		43233AE22B780584008F03DB /* NetworkService.swift */ = {isa = PBXFileReference; lastKnownFileType = sourcecode.swift; path = NetworkService.swift; sourceTree = "<group>"; };
		5757469C0CCB3D409E4370E6 /* Pods_TMDBTests.framework */ = {isa = PBXFileReference; explicitFileType = wrapper.framework; includeInIndex = 0; path = Pods_TMDBTests.framework; sourceTree = BUILT_PRODUCTS_DIR; };
		5AACD16488D78B439923CD96 /* Pods_TMDB_TMDBUITests.framework */ = {isa = PBXFileReference; explicitFileType = wrapper.framework; includeInIndex = 0; path = Pods_TMDB_TMDBUITests.framework; sourceTree = BUILT_PRODUCTS_DIR; };
		935B02DD828221E88461EAC8 /* Pods-TMDB-TMDBUITests.debug.xcconfig */ = {isa = PBXFileReference; includeInIndex = 1; lastKnownFileType = text.xcconfig; name = "Pods-TMDB-TMDBUITests.debug.xcconfig"; path = "Target Support Files/Pods-TMDB-TMDBUITests/Pods-TMDB-TMDBUITests.debug.xcconfig"; sourceTree = "<group>"; };
		D1D78F5161FCEA9D8DA5ECCD /* Pods-TMDB-TMDBUITests.release.xcconfig */ = {isa = PBXFileReference; includeInIndex = 1; lastKnownFileType = text.xcconfig; name = "Pods-TMDB-TMDBUITests.release.xcconfig"; path = "Target Support Files/Pods-TMDB-TMDBUITests/Pods-TMDB-TMDBUITests.release.xcconfig"; sourceTree = "<group>"; };
		DE70705D060E357D6BB123F0 /* Pods-TMDBTests.debug.xcconfig */ = {isa = PBXFileReference; includeInIndex = 1; lastKnownFileType = text.xcconfig; name = "Pods-TMDBTests.debug.xcconfig"; path = "Target Support Files/Pods-TMDBTests/Pods-TMDBTests.debug.xcconfig"; sourceTree = "<group>"; };
		F6BEF8B5094D86299B1B63BF /* Pods_TMDB.framework */ = {isa = PBXFileReference; explicitFileType = wrapper.framework; includeInIndex = 0; path = Pods_TMDB.framework; sourceTree = BUILT_PRODUCTS_DIR; };
/* End PBXFileReference section */

/* Begin PBXFrameworksBuildPhase section */
		43233A9B2B77D0B0008F03DB /* Frameworks */ = {
			isa = PBXFrameworksBuildPhase;
			buildActionMask = 2147483647;
			files = (
				9556A00573304EC108E286DD /* Pods_TMDB.framework in Frameworks */,
			);
			runOnlyForDeploymentPostprocessing = 0;
		};
		43233AB12B77D0B5008F03DB /* Frameworks */ = {
			isa = PBXFrameworksBuildPhase;
			buildActionMask = 2147483647;
			files = (
				51E016F0EEBEDD26AD26FE56 /* Pods_TMDBTests.framework in Frameworks */,
			);
			runOnlyForDeploymentPostprocessing = 0;
		};
		43233ABB2B77D0B5008F03DB /* Frameworks */ = {
			isa = PBXFrameworksBuildPhase;
			buildActionMask = 2147483647;
			files = (
				0F8CF91B08A5FF3334F33882 /* Pods_TMDB_TMDBUITests.framework in Frameworks */,
			);
			runOnlyForDeploymentPostprocessing = 0;
		};
/* End PBXFrameworksBuildPhase section */

/* Begin PBXGroup section */
		0B4940B0436718800D79F6A7 /* Frameworks */ = {
			isa = PBXGroup;
			children = (
				F6BEF8B5094D86299B1B63BF /* Pods_TMDB.framework */,
				5AACD16488D78B439923CD96 /* Pods_TMDB_TMDBUITests.framework */,
				5757469C0CCB3D409E4370E6 /* Pods_TMDBTests.framework */,
			);
			name = Frameworks;
			sourceTree = "<group>";
		};
		3514B798A52D1CF46DE68195 /* Pods */ = {
			isa = PBXGroup;
			children = (
				00385E6017B8C34BC5F77EE5 /* Pods-TMDB.debug.xcconfig */,
				06F76946BB8F544DC6BF159D /* Pods-TMDB.release.xcconfig */,
				935B02DD828221E88461EAC8 /* Pods-TMDB-TMDBUITests.debug.xcconfig */,
				D1D78F5161FCEA9D8DA5ECCD /* Pods-TMDB-TMDBUITests.release.xcconfig */,
				DE70705D060E357D6BB123F0 /* Pods-TMDBTests.debug.xcconfig */,
				0A95567623EC419D2C029362 /* Pods-TMDBTests.release.xcconfig */,
			);
			path = Pods;
			sourceTree = "<group>";
		};
		43233A952B77D0B0008F03DB = {
			isa = PBXGroup;
			children = (
				43233AA02B77D0B0008F03DB /* TMDB */,
				43233AB72B77D0B5008F03DB /* TMDBTests */,
				43233AC12B77D0B5008F03DB /* TMDBUITests */,
				43233A9F2B77D0B0008F03DB /* Products */,
				3514B798A52D1CF46DE68195 /* Pods */,
				0B4940B0436718800D79F6A7 /* Frameworks */,
			);
			sourceTree = "<group>";
		};
		43233A9F2B77D0B0008F03DB /* Products */ = {
			isa = PBXGroup;
			children = (
				43233A9E2B77D0B0008F03DB /* TMDB.app */,
				43233AB42B77D0B5008F03DB /* TMDBTests.xctest */,
				43233ABE2B77D0B5008F03DB /* TMDBUITests.xctest */,
			);
			name = Products;
			sourceTree = "<group>";
		};
		43233AA02B77D0B0008F03DB /* TMDB */ = {
			isa = PBXGroup;
			children = (
				43233AD52B77DD9A008F03DB /* Utils */,
				43233AD42B77D49F008F03DB /* NetworkLayer */,
				43233AD12B77D477008F03DB /* Model */,
				43233AD22B77D481008F03DB /* View */,
				43233AD32B77D48D008F03DB /* ViewModel */,
				43233AA12B77D0B0008F03DB /* AppDelegate.swift */,
				43233AA32B77D0B0008F03DB /* SceneDelegate.swift */,
				43233AA52B77D0B0008F03DB /* ViewController.swift */,
				43233AA72B77D0B0008F03DB /* Main.storyboard */,
				43233AAA2B77D0B4008F03DB /* Assets.xcassets */,
				43233AAC2B77D0B4008F03DB /* LaunchScreen.storyboard */,
				43233AAF2B77D0B5008F03DB /* Info.plist */,
			);
			path = TMDB;
			sourceTree = "<group>";
		};
		43233AB72B77D0B5008F03DB /* TMDBTests */ = {
			isa = PBXGroup;
			children = (
				43233AB82B77D0B5008F03DB /* TMDBTests.swift */,
			);
			path = TMDBTests;
			sourceTree = "<group>";
		};
		43233AC12B77D0B5008F03DB /* TMDBUITests */ = {
			isa = PBXGroup;
			children = (
				43233AC22B77D0B5008F03DB /* TMDBUITests.swift */,
				43233AC42B77D0B5008F03DB /* TMDBUITestsLaunchTests.swift */,
			);
			path = TMDBUITests;
			sourceTree = "<group>";
		};
		43233AD12B77D477008F03DB /* Model */ = {
			isa = PBXGroup;
			children = (
				43233ADC2B77E4DC008F03DB /* Result.swift */,
				43233ADE2B77E55D008F03DB /* TVShowModel.swift */,
			);
			path = Model;
			sourceTree = "<group>";
		};
		43233AD22B77D481008F03DB /* View */ = {
			isa = PBXGroup;
			children = (
			);
			path = View;
			sourceTree = "<group>";
		};
		43233AD32B77D48D008F03DB /* ViewModel */ = {
			isa = PBXGroup;
			children = (
			);
			path = ViewModel;
			sourceTree = "<group>";
		};
		43233AD42B77D49F008F03DB /* NetworkLayer */ = {
			isa = PBXGroup;
			children = (
				43233AE02B7802FC008F03DB /* NetworkProvider.swift */,
				43233AE22B780584008F03DB /* NetworkService.swift */,
			);
			path = NetworkLayer;
			sourceTree = "<group>";
		};
		43233AD52B77DD9A008F03DB /* Utils */ = {
			isa = PBXGroup;
			children = (
				43233AD82B77DFB8008F03DB /* Credentials.swift */,
				43233ADA2B77DFF5008F03DB /* PredefinedConstants.swift */,
			);
			path = Utils;
			sourceTree = "<group>";
		};
/* End PBXGroup section */

/* Begin PBXNativeTarget section */
		43233A9D2B77D0B0008F03DB /* TMDB */ = {
			isa = PBXNativeTarget;
			buildConfigurationList = 43233AC82B77D0B5008F03DB /* Build configuration list for PBXNativeTarget "TMDB" */;
			buildPhases = (
				DA2C269AF5EBEF0383B23B74 /* [CP] Check Pods Manifest.lock */,
				43233A9A2B77D0B0008F03DB /* Sources */,
				43233A9B2B77D0B0008F03DB /* Frameworks */,
				43233A9C2B77D0B0008F03DB /* Resources */,
				0EBAE3C0A6CCBFEB2C4BB860 /* [CP] Embed Pods Frameworks */,
			);
			buildRules = (
			);
			dependencies = (
			);
			name = TMDB;
			productName = TMDB;
			productReference = 43233A9E2B77D0B0008F03DB /* TMDB.app */;
			productType = "com.apple.product-type.application";
		};
		43233AB32B77D0B5008F03DB /* TMDBTests */ = {
			isa = PBXNativeTarget;
			buildConfigurationList = 43233ACB2B77D0B5008F03DB /* Build configuration list for PBXNativeTarget "TMDBTests" */;
			buildPhases = (
				8E341CE74E705F934DC2C9B4 /* [CP] Check Pods Manifest.lock */,
				43233AB02B77D0B5008F03DB /* Sources */,
				43233AB12B77D0B5008F03DB /* Frameworks */,
				43233AB22B77D0B5008F03DB /* Resources */,
			);
			buildRules = (
			);
			dependencies = (
				43233AB62B77D0B5008F03DB /* PBXTargetDependency */,
			);
			name = TMDBTests;
			productName = TMDBTests;
			productReference = 43233AB42B77D0B5008F03DB /* TMDBTests.xctest */;
			productType = "com.apple.product-type.bundle.unit-test";
		};
		43233ABD2B77D0B5008F03DB /* TMDBUITests */ = {
			isa = PBXNativeTarget;
			buildConfigurationList = 43233ACE2B77D0B5008F03DB /* Build configuration list for PBXNativeTarget "TMDBUITests" */;
			buildPhases = (
				44A3B83E132036E93D41CBE0 /* [CP] Check Pods Manifest.lock */,
				43233ABA2B77D0B5008F03DB /* Sources */,
				43233ABB2B77D0B5008F03DB /* Frameworks */,
				43233ABC2B77D0B5008F03DB /* Resources */,
				3DED3D9CFC16226E035258E1 /* [CP] Embed Pods Frameworks */,
			);
			buildRules = (
			);
			dependencies = (
				43233AC02B77D0B5008F03DB /* PBXTargetDependency */,
			);
			name = TMDBUITests;
			productName = TMDBUITests;
			productReference = 43233ABE2B77D0B5008F03DB /* TMDBUITests.xctest */;
			productType = "com.apple.product-type.bundle.ui-testing";
		};
/* End PBXNativeTarget section */

/* Begin PBXProject section */
		43233A962B77D0B0008F03DB /* Project object */ = {
			isa = PBXProject;
			attributes = {
				BuildIndependentTargetsInParallel = 1;
				LastSwiftUpdateCheck = 1430;
				LastUpgradeCheck = 1430;
				TargetAttributes = {
					43233A9D2B77D0B0008F03DB = {
						CreatedOnToolsVersion = 14.3.1;
					};
					43233AB32B77D0B5008F03DB = {
						CreatedOnToolsVersion = 14.3.1;
						TestTargetID = 43233A9D2B77D0B0008F03DB;
					};
					43233ABD2B77D0B5008F03DB = {
						CreatedOnToolsVersion = 14.3.1;
						TestTargetID = 43233A9D2B77D0B0008F03DB;
					};
				};
			};
			buildConfigurationList = 43233A992B77D0B0008F03DB /* Build configuration list for PBXProject "TMDB" */;
			compatibilityVersion = "Xcode 14.0";
			developmentRegion = en;
			hasScannedForEncodings = 0;
			knownRegions = (
				en,
				Base,
			);
			mainGroup = 43233A952B77D0B0008F03DB;
			productRefGroup = 43233A9F2B77D0B0008F03DB /* Products */;
			projectDirPath = "";
			projectRoot = "";
			targets = (
				43233A9D2B77D0B0008F03DB /* TMDB */,
				43233AB32B77D0B5008F03DB /* TMDBTests */,
				43233ABD2B77D0B5008F03DB /* TMDBUITests */,
			);
		};
/* End PBXProject section */

/* Begin PBXResourcesBuildPhase section */
		43233A9C2B77D0B0008F03DB /* Resources */ = {
			isa = PBXResourcesBuildPhase;
			buildActionMask = 2147483647;
			files = (
				43233AAE2B77D0B4008F03DB /* LaunchScreen.storyboard in Resources */,
				43233AAB2B77D0B4008F03DB /* Assets.xcassets in Resources */,
				43233AA92B77D0B0008F03DB /* Main.storyboard in Resources */,
			);
			runOnlyForDeploymentPostprocessing = 0;
		};
		43233AB22B77D0B5008F03DB /* Resources */ = {
			isa = PBXResourcesBuildPhase;
			buildActionMask = 2147483647;
			files = (
			);
			runOnlyForDeploymentPostprocessing = 0;
		};
		43233ABC2B77D0B5008F03DB /* Resources */ = {
			isa = PBXResourcesBuildPhase;
			buildActionMask = 2147483647;
			files = (
			);
			runOnlyForDeploymentPostprocessing = 0;
		};
/* End PBXResourcesBuildPhase section */

/* Begin PBXShellScriptBuildPhase section */
		0EBAE3C0A6CCBFEB2C4BB860 /* [CP] Embed Pods Frameworks */ = {
			isa = PBXShellScriptBuildPhase;
			buildActionMask = 2147483647;
			files = (
			);
			inputFileListPaths = (
				"${PODS_ROOT}/Target Support Files/Pods-TMDB/Pods-TMDB-frameworks-${CONFIGURATION}-input-files.xcfilelist",
			);
			name = "[CP] Embed Pods Frameworks";
			outputFileListPaths = (
				"${PODS_ROOT}/Target Support Files/Pods-TMDB/Pods-TMDB-frameworks-${CONFIGURATION}-output-files.xcfilelist",
			);
			runOnlyForDeploymentPostprocessing = 0;
			shellPath = /bin/sh;
			shellScript = "\"${PODS_ROOT}/Target Support Files/Pods-TMDB/Pods-TMDB-frameworks.sh\"\n";
			showEnvVarsInLog = 0;
		};
		3DED3D9CFC16226E035258E1 /* [CP] Embed Pods Frameworks */ = {
			isa = PBXShellScriptBuildPhase;
			buildActionMask = 2147483647;
			files = (
			);
			inputFileListPaths = (
				"${PODS_ROOT}/Target Support Files/Pods-TMDB-TMDBUITests/Pods-TMDB-TMDBUITests-frameworks-${CONFIGURATION}-input-files.xcfilelist",
			);
			name = "[CP] Embed Pods Frameworks";
			outputFileListPaths = (
				"${PODS_ROOT}/Target Support Files/Pods-TMDB-TMDBUITests/Pods-TMDB-TMDBUITests-frameworks-${CONFIGURATION}-output-files.xcfilelist",
			);
			runOnlyForDeploymentPostprocessing = 0;
			shellPath = /bin/sh;
			shellScript = "\"${PODS_ROOT}/Target Support Files/Pods-TMDB-TMDBUITests/Pods-TMDB-TMDBUITests-frameworks.sh\"\n";
			showEnvVarsInLog = 0;
		};
		44A3B83E132036E93D41CBE0 /* [CP] Check Pods Manifest.lock */ = {
			isa = PBXShellScriptBuildPhase;
			buildActionMask = 2147483647;
			files = (
			);
			inputFileListPaths = (
			);
			inputPaths = (
				"${PODS_PODFILE_DIR_PATH}/Podfile.lock",
				"${PODS_ROOT}/Manifest.lock",
			);
			name = "[CP] Check Pods Manifest.lock";
			outputFileListPaths = (
			);
			outputPaths = (
				"$(DERIVED_FILE_DIR)/Pods-TMDB-TMDBUITests-checkManifestLockResult.txt",
			);
			runOnlyForDeploymentPostprocessing = 0;
			shellPath = /bin/sh;
			shellScript = "diff \"${PODS_PODFILE_DIR_PATH}/Podfile.lock\" \"${PODS_ROOT}/Manifest.lock\" > /dev/null\nif [ $? != 0 ] ; then\n    # print error to STDERR\n    echo \"error: The sandbox is not in sync with the Podfile.lock. Run 'pod install' or update your CocoaPods installation.\" >&2\n    exit 1\nfi\n# This output is used by Xcode 'outputs' to avoid re-running this script phase.\necho \"SUCCESS\" > \"${SCRIPT_OUTPUT_FILE_0}\"\n";
			showEnvVarsInLog = 0;
		};
		8E341CE74E705F934DC2C9B4 /* [CP] Check Pods Manifest.lock */ = {
			isa = PBXShellScriptBuildPhase;
			buildActionMask = 2147483647;
			files = (
			);
			inputFileListPaths = (
			);
			inputPaths = (
				"${PODS_PODFILE_DIR_PATH}/Podfile.lock",
				"${PODS_ROOT}/Manifest.lock",
			);
			name = "[CP] Check Pods Manifest.lock";
			outputFileListPaths = (
			);
			outputPaths = (
				"$(DERIVED_FILE_DIR)/Pods-TMDBTests-checkManifestLockResult.txt",
			);
			runOnlyForDeploymentPostprocessing = 0;
			shellPath = /bin/sh;
			shellScript = "diff \"${PODS_PODFILE_DIR_PATH}/Podfile.lock\" \"${PODS_ROOT}/Manifest.lock\" > /dev/null\nif [ $? != 0 ] ; then\n    # print error to STDERR\n    echo \"error: The sandbox is not in sync with the Podfile.lock. Run 'pod install' or update your CocoaPods installation.\" >&2\n    exit 1\nfi\n# This output is used by Xcode 'outputs' to avoid re-running this script phase.\necho \"SUCCESS\" > \"${SCRIPT_OUTPUT_FILE_0}\"\n";
			showEnvVarsInLog = 0;
		};
		DA2C269AF5EBEF0383B23B74 /* [CP] Check Pods Manifest.lock */ = {
			isa = PBXShellScriptBuildPhase;
			buildActionMask = 2147483647;
			files = (
			);
			inputFileListPaths = (
			);
			inputPaths = (
				"${PODS_PODFILE_DIR_PATH}/Podfile.lock",
				"${PODS_ROOT}/Manifest.lock",
			);
			name = "[CP] Check Pods Manifest.lock";
			outputFileListPaths = (
			);
			outputPaths = (
				"$(DERIVED_FILE_DIR)/Pods-TMDB-checkManifestLockResult.txt",
			);
			runOnlyForDeploymentPostprocessing = 0;
			shellPath = /bin/sh;
			shellScript = "diff \"${PODS_PODFILE_DIR_PATH}/Podfile.lock\" \"${PODS_ROOT}/Manifest.lock\" > /dev/null\nif [ $? != 0 ] ; then\n    # print error to STDERR\n    echo \"error: The sandbox is not in sync with the Podfile.lock. Run 'pod install' or update your CocoaPods installation.\" >&2\n    exit 1\nfi\n# This output is used by Xcode 'outputs' to avoid re-running this script phase.\necho \"SUCCESS\" > \"${SCRIPT_OUTPUT_FILE_0}\"\n";
			showEnvVarsInLog = 0;
		};
/* End PBXShellScriptBuildPhase section */

/* Begin PBXSourcesBuildPhase section */
		43233A9A2B77D0B0008F03DB /* Sources */ = {
			isa = PBXSourcesBuildPhase;
			buildActionMask = 2147483647;
			files = (
				43233ADD2B77E4DC008F03DB /* Result.swift in Sources */,
				43233AA62B77D0B0008F03DB /* ViewController.swift in Sources */,
				43233AA22B77D0B0008F03DB /* AppDelegate.swift in Sources */,
				43233ADB2B77DFF5008F03DB /* PredefinedConstants.swift in Sources */,
				43233AE32B780584008F03DB /* NetworkService.swift in Sources */,
				43233AD92B77DFB8008F03DB /* Credentials.swift in Sources */,
				43233AE12B7802FC008F03DB /* NetworkProvider.swift in Sources */,
				43233ADF2B77E55D008F03DB /* TVShowModel.swift in Sources */,
				43233AA42B77D0B0008F03DB /* SceneDelegate.swift in Sources */,
			);
			runOnlyForDeploymentPostprocessing = 0;
		};
		43233AB02B77D0B5008F03DB /* Sources */ = {
			isa = PBXSourcesBuildPhase;
			buildActionMask = 2147483647;
			files = (
				43233AB92B77D0B5008F03DB /* TMDBTests.swift in Sources */,
			);
			runOnlyForDeploymentPostprocessing = 0;
		};
		43233ABA2B77D0B5008F03DB /* Sources */ = {
			isa = PBXSourcesBuildPhase;
			buildActionMask = 2147483647;
			files = (
				43233AC32B77D0B5008F03DB /* TMDBUITests.swift in Sources */,
				43233AC52B77D0B5008F03DB /* TMDBUITestsLaunchTests.swift in Sources */,
			);
			runOnlyForDeploymentPostprocessing = 0;
		};
/* End PBXSourcesBuildPhase section */

/* Begin PBXTargetDependency section */
		43233AB62B77D0B5008F03DB /* PBXTargetDependency */ = {
			isa = PBXTargetDependency;
			target = 43233A9D2B77D0B0008F03DB /* TMDB */;
			targetProxy = 43233AB52B77D0B5008F03DB /* PBXContainerItemProxy */;
		};
		43233AC02B77D0B5008F03DB /* PBXTargetDependency */ = {
			isa = PBXTargetDependency;
			target = 43233A9D2B77D0B0008F03DB /* TMDB */;
			targetProxy = 43233ABF2B77D0B5008F03DB /* PBXContainerItemProxy */;
		};
/* End PBXTargetDependency section */

/* Begin PBXVariantGroup section */
		43233AA72B77D0B0008F03DB /* Main.storyboard */ = {
			isa = PBXVariantGroup;
			children = (
				43233AA82B77D0B0008F03DB /* Base */,
			);
			name = Main.storyboard;
			sourceTree = "<group>";
		};
		43233AAC2B77D0B4008F03DB /* LaunchScreen.storyboard */ = {
			isa = PBXVariantGroup;
			children = (
				43233AAD2B77D0B4008F03DB /* Base */,
			);
			name = LaunchScreen.storyboard;
			sourceTree = "<group>";
		};
/* End PBXVariantGroup section */

/* Begin XCBuildConfiguration section */
		43233AC62B77D0B5008F03DB /* Debug */ = {
			isa = XCBuildConfiguration;
			buildSettings = {
				ALWAYS_SEARCH_USER_PATHS = NO;
				CLANG_ANALYZER_NONNULL = YES;
				CLANG_ANALYZER_NUMBER_OBJECT_CONVERSION = YES_AGGRESSIVE;
				CLANG_CXX_LANGUAGE_STANDARD = "gnu++20";
				CLANG_ENABLE_MODULES = YES;
				CLANG_ENABLE_OBJC_ARC = YES;
				CLANG_ENABLE_OBJC_WEAK = YES;
				CLANG_WARN_BLOCK_CAPTURE_AUTORELEASING = YES;
				CLANG_WARN_BOOL_CONVERSION = YES;
				CLANG_WARN_COMMA = YES;
				CLANG_WARN_CONSTANT_CONVERSION = YES;
				CLANG_WARN_DEPRECATED_OBJC_IMPLEMENTATIONS = YES;
				CLANG_WARN_DIRECT_OBJC_ISA_USAGE = YES_ERROR;
				CLANG_WARN_DOCUMENTATION_COMMENTS = YES;
				CLANG_WARN_EMPTY_BODY = YES;
				CLANG_WARN_ENUM_CONVERSION = YES;
				CLANG_WARN_INFINITE_RECURSION = YES;
				CLANG_WARN_INT_CONVERSION = YES;
				CLANG_WARN_NON_LITERAL_NULL_CONVERSION = YES;
				CLANG_WARN_OBJC_IMPLICIT_RETAIN_SELF = YES;
				CLANG_WARN_OBJC_LITERAL_CONVERSION = YES;
				CLANG_WARN_OBJC_ROOT_CLASS = YES_ERROR;
				CLANG_WARN_QUOTED_INCLUDE_IN_FRAMEWORK_HEADER = YES;
				CLANG_WARN_RANGE_LOOP_ANALYSIS = YES;
				CLANG_WARN_STRICT_PROTOTYPES = YES;
				CLANG_WARN_SUSPICIOUS_MOVE = YES;
				CLANG_WARN_UNGUARDED_AVAILABILITY = YES_AGGRESSIVE;
				CLANG_WARN_UNREACHABLE_CODE = YES;
				CLANG_WARN__DUPLICATE_METHOD_MATCH = YES;
				COPY_PHASE_STRIP = NO;
				DEBUG_INFORMATION_FORMAT = dwarf;
				ENABLE_STRICT_OBJC_MSGSEND = YES;
				ENABLE_TESTABILITY = YES;
				GCC_C_LANGUAGE_STANDARD = gnu11;
				GCC_DYNAMIC_NO_PIC = NO;
				GCC_NO_COMMON_BLOCKS = YES;
				GCC_OPTIMIZATION_LEVEL = 0;
				GCC_PREPROCESSOR_DEFINITIONS = (
					"DEBUG=1",
					"$(inherited)",
				);
				GCC_WARN_64_TO_32_BIT_CONVERSION = YES;
				GCC_WARN_ABOUT_RETURN_TYPE = YES_ERROR;
				GCC_WARN_UNDECLARED_SELECTOR = YES;
				GCC_WARN_UNINITIALIZED_AUTOS = YES_AGGRESSIVE;
				GCC_WARN_UNUSED_FUNCTION = YES;
				GCC_WARN_UNUSED_VARIABLE = YES;
				IPHONEOS_DEPLOYMENT_TARGET = 16.4;
				MTL_ENABLE_DEBUG_INFO = INCLUDE_SOURCE;
				MTL_FAST_MATH = YES;
				ONLY_ACTIVE_ARCH = YES;
				SDKROOT = iphoneos;
				SWIFT_ACTIVE_COMPILATION_CONDITIONS = DEBUG;
				SWIFT_OPTIMIZATION_LEVEL = "-Onone";
			};
			name = Debug;
		};
		43233AC72B77D0B5008F03DB /* Release */ = {
			isa = XCBuildConfiguration;
			buildSettings = {
				ALWAYS_SEARCH_USER_PATHS = NO;
				CLANG_ANALYZER_NONNULL = YES;
				CLANG_ANALYZER_NUMBER_OBJECT_CONVERSION = YES_AGGRESSIVE;
				CLANG_CXX_LANGUAGE_STANDARD = "gnu++20";
				CLANG_ENABLE_MODULES = YES;
				CLANG_ENABLE_OBJC_ARC = YES;
				CLANG_ENABLE_OBJC_WEAK = YES;
				CLANG_WARN_BLOCK_CAPTURE_AUTORELEASING = YES;
				CLANG_WARN_BOOL_CONVERSION = YES;
				CLANG_WARN_COMMA = YES;
				CLANG_WARN_CONSTANT_CONVERSION = YES;
				CLANG_WARN_DEPRECATED_OBJC_IMPLEMENTATIONS = YES;
				CLANG_WARN_DIRECT_OBJC_ISA_USAGE = YES_ERROR;
				CLANG_WARN_DOCUMENTATION_COMMENTS = YES;
				CLANG_WARN_EMPTY_BODY = YES;
				CLANG_WARN_ENUM_CONVERSION = YES;
				CLANG_WARN_INFINITE_RECURSION = YES;
				CLANG_WARN_INT_CONVERSION = YES;
				CLANG_WARN_NON_LITERAL_NULL_CONVERSION = YES;
				CLANG_WARN_OBJC_IMPLICIT_RETAIN_SELF = YES;
				CLANG_WARN_OBJC_LITERAL_CONVERSION = YES;
				CLANG_WARN_OBJC_ROOT_CLASS = YES_ERROR;
				CLANG_WARN_QUOTED_INCLUDE_IN_FRAMEWORK_HEADER = YES;
				CLANG_WARN_RANGE_LOOP_ANALYSIS = YES;
				CLANG_WARN_STRICT_PROTOTYPES = YES;
				CLANG_WARN_SUSPICIOUS_MOVE = YES;
				CLANG_WARN_UNGUARDED_AVAILABILITY = YES_AGGRESSIVE;
				CLANG_WARN_UNREACHABLE_CODE = YES;
				CLANG_WARN__DUPLICATE_METHOD_MATCH = YES;
				COPY_PHASE_STRIP = NO;
				DEBUG_INFORMATION_FORMAT = "dwarf-with-dsym";
				ENABLE_NS_ASSERTIONS = NO;
				ENABLE_STRICT_OBJC_MSGSEND = YES;
				GCC_C_LANGUAGE_STANDARD = gnu11;
				GCC_NO_COMMON_BLOCKS = YES;
				GCC_WARN_64_TO_32_BIT_CONVERSION = YES;
				GCC_WARN_ABOUT_RETURN_TYPE = YES_ERROR;
				GCC_WARN_UNDECLARED_SELECTOR = YES;
				GCC_WARN_UNINITIALIZED_AUTOS = YES_AGGRESSIVE;
				GCC_WARN_UNUSED_FUNCTION = YES;
				GCC_WARN_UNUSED_VARIABLE = YES;
				IPHONEOS_DEPLOYMENT_TARGET = 16.4;
				MTL_ENABLE_DEBUG_INFO = NO;
				MTL_FAST_MATH = YES;
				SDKROOT = iphoneos;
				SWIFT_COMPILATION_MODE = wholemodule;
				SWIFT_OPTIMIZATION_LEVEL = "-O";
				VALIDATE_PRODUCT = YES;
			};
			name = Release;
		};
		43233AC92B77D0B5008F03DB /* Debug */ = {
			isa = XCBuildConfiguration;
			baseConfigurationReference = 00385E6017B8C34BC5F77EE5 /* Pods-TMDB.debug.xcconfig */;
			buildSettings = {
				ASSETCATALOG_COMPILER_APPICON_NAME = AppIcon;
				ASSETCATALOG_COMPILER_GLOBAL_ACCENT_COLOR_NAME = AccentColor;
				CODE_SIGN_STYLE = Automatic;
				CURRENT_PROJECT_VERSION = 1;
				DEVELOPMENT_TEAM = 83P5KX79QJ;
				GENERATE_INFOPLIST_FILE = YES;
				INFOPLIST_FILE = TMDB/Info.plist;
				INFOPLIST_KEY_UIApplicationSupportsIndirectInputEvents = YES;
				INFOPLIST_KEY_UILaunchStoryboardName = LaunchScreen;
				INFOPLIST_KEY_UIMainStoryboardFile = Main;
				INFOPLIST_KEY_UISupportedInterfaceOrientations_iPad = "UIInterfaceOrientationPortrait UIInterfaceOrientationPortraitUpsideDown UIInterfaceOrientationLandscapeLeft UIInterfaceOrientationLandscapeRight";
				INFOPLIST_KEY_UISupportedInterfaceOrientations_iPhone = "UIInterfaceOrientationPortrait UIInterfaceOrientationLandscapeLeft UIInterfaceOrientationLandscapeRight";
				IPHONEOS_DEPLOYMENT_TARGET = 15.6;
				LD_RUNPATH_SEARCH_PATHS = (
					"$(inherited)",
					"@executable_path/Frameworks",
				);
				MARKETING_VERSION = 1.0;
				PRODUCT_BUNDLE_IDENTIFIER = dev.yaser.TMDB;
				PRODUCT_NAME = "$(TARGET_NAME)";
				SWIFT_EMIT_LOC_STRINGS = YES;
				SWIFT_VERSION = 5.0;
				TARGETED_DEVICE_FAMILY = "1,2";
			};
			name = Debug;
		};
		43233ACA2B77D0B5008F03DB /* Release */ = {
			isa = XCBuildConfiguration;
			baseConfigurationReference = 06F76946BB8F544DC6BF159D /* Pods-TMDB.release.xcconfig */;
			buildSettings = {
				ASSETCATALOG_COMPILER_APPICON_NAME = AppIcon;
				ASSETCATALOG_COMPILER_GLOBAL_ACCENT_COLOR_NAME = AccentColor;
				CODE_SIGN_STYLE = Automatic;
				CURRENT_PROJECT_VERSION = 1;
				DEVELOPMENT_TEAM = 83P5KX79QJ;
				GENERATE_INFOPLIST_FILE = YES;
				INFOPLIST_FILE = TMDB/Info.plist;
				INFOPLIST_KEY_UIApplicationSupportsIndirectInputEvents = YES;
				INFOPLIST_KEY_UILaunchStoryboardName = LaunchScreen;
				INFOPLIST_KEY_UIMainStoryboardFile = Main;
				INFOPLIST_KEY_UISupportedInterfaceOrientations_iPad = "UIInterfaceOrientationPortrait UIInterfaceOrientationPortraitUpsideDown UIInterfaceOrientationLandscapeLeft UIInterfaceOrientationLandscapeRight";
				INFOPLIST_KEY_UISupportedInterfaceOrientations_iPhone = "UIInterfaceOrientationPortrait UIInterfaceOrientationLandscapeLeft UIInterfaceOrientationLandscapeRight";
				IPHONEOS_DEPLOYMENT_TARGET = 15.6;
				LD_RUNPATH_SEARCH_PATHS = (
					"$(inherited)",
					"@executable_path/Frameworks",
				);
				MARKETING_VERSION = 1.0;
				PRODUCT_BUNDLE_IDENTIFIER = dev.yaser.TMDB;
				PRODUCT_NAME = "$(TARGET_NAME)";
				SWIFT_EMIT_LOC_STRINGS = YES;
				SWIFT_VERSION = 5.0;
				TARGETED_DEVICE_FAMILY = "1,2";
			};
			name = Release;
		};
		43233ACC2B77D0B5008F03DB /* Debug */ = {
			isa = XCBuildConfiguration;
			baseConfigurationReference = DE70705D060E357D6BB123F0 /* Pods-TMDBTests.debug.xcconfig */;
			buildSettings = {
				ALWAYS_EMBED_SWIFT_STANDARD_LIBRARIES = YES;
				BUNDLE_LOADER = "$(TEST_HOST)";
				CODE_SIGN_STYLE = Automatic;
				CURRENT_PROJECT_VERSION = 1;
				DEVELOPMENT_TEAM = 83P5KX79QJ;
				GENERATE_INFOPLIST_FILE = YES;
				IPHONEOS_DEPLOYMENT_TARGET = 16.4;
				MARKETING_VERSION = 1.0;
				PRODUCT_BUNDLE_IDENTIFIER = dev.yaser.TMDBTests;
				PRODUCT_NAME = "$(TARGET_NAME)";
				SWIFT_EMIT_LOC_STRINGS = NO;
				SWIFT_VERSION = 5.0;
				TARGETED_DEVICE_FAMILY = "1,2";
				TEST_HOST = "$(BUILT_PRODUCTS_DIR)/TMDB.app/$(BUNDLE_EXECUTABLE_FOLDER_PATH)/TMDB";
			};
			name = Debug;
		};
		43233ACD2B77D0B5008F03DB /* Release */ = {
			isa = XCBuildConfiguration;
			baseConfigurationReference = 0A95567623EC419D2C029362 /* Pods-TMDBTests.release.xcconfig */;
			buildSettings = {
				ALWAYS_EMBED_SWIFT_STANDARD_LIBRARIES = YES;
				BUNDLE_LOADER = "$(TEST_HOST)";
				CODE_SIGN_STYLE = Automatic;
				CURRENT_PROJECT_VERSION = 1;
				DEVELOPMENT_TEAM = 83P5KX79QJ;
				GENERATE_INFOPLIST_FILE = YES;
				IPHONEOS_DEPLOYMENT_TARGET = 16.4;
				MARKETING_VERSION = 1.0;
				PRODUCT_BUNDLE_IDENTIFIER = dev.yaser.TMDBTests;
				PRODUCT_NAME = "$(TARGET_NAME)";
				SWIFT_EMIT_LOC_STRINGS = NO;
				SWIFT_VERSION = 5.0;
				TARGETED_DEVICE_FAMILY = "1,2";
				TEST_HOST = "$(BUILT_PRODUCTS_DIR)/TMDB.app/$(BUNDLE_EXECUTABLE_FOLDER_PATH)/TMDB";
			};
			name = Release;
		};
		43233ACF2B77D0B5008F03DB /* Debug */ = {
			isa = XCBuildConfiguration;
			baseConfigurationReference = 935B02DD828221E88461EAC8 /* Pods-TMDB-TMDBUITests.debug.xcconfig */;
			buildSettings = {
				ALWAYS_EMBED_SWIFT_STANDARD_LIBRARIES = YES;
				CODE_SIGN_STYLE = Automatic;
				CURRENT_PROJECT_VERSION = 1;
				DEVELOPMENT_TEAM = 83P5KX79QJ;
				GENERATE_INFOPLIST_FILE = YES;
				MARKETING_VERSION = 1.0;
				PRODUCT_BUNDLE_IDENTIFIER = dev.yaser.TMDBUITests;
				PRODUCT_NAME = "$(TARGET_NAME)";
				SWIFT_EMIT_LOC_STRINGS = NO;
				SWIFT_VERSION = 5.0;
				TARGETED_DEVICE_FAMILY = "1,2";
				TEST_TARGET_NAME = TMDB;
			};
			name = Debug;
		};
		43233AD02B77D0B5008F03DB /* Release */ = {
			isa = XCBuildConfiguration;
			baseConfigurationReference = D1D78F5161FCEA9D8DA5ECCD /* Pods-TMDB-TMDBUITests.release.xcconfig */;
			buildSettings = {
				ALWAYS_EMBED_SWIFT_STANDARD_LIBRARIES = YES;
				CODE_SIGN_STYLE = Automatic;
				CURRENT_PROJECT_VERSION = 1;
				DEVELOPMENT_TEAM = 83P5KX79QJ;
				GENERATE_INFOPLIST_FILE = YES;
				MARKETING_VERSION = 1.0;
				PRODUCT_BUNDLE_IDENTIFIER = dev.yaser.TMDBUITests;
				PRODUCT_NAME = "$(TARGET_NAME)";
				SWIFT_EMIT_LOC_STRINGS = NO;
				SWIFT_VERSION = 5.0;
				TARGETED_DEVICE_FAMILY = "1,2";
				TEST_TARGET_NAME = TMDB;
			};
			name = Release;
		};
/* End XCBuildConfiguration section */

/* Begin XCConfigurationList section */
		43233A992B77D0B0008F03DB /* Build configuration list for PBXProject "TMDB" */ = {
			isa = XCConfigurationList;
			buildConfigurations = (
				43233AC62B77D0B5008F03DB /* Debug */,
				43233AC72B77D0B5008F03DB /* Release */,
			);
			defaultConfigurationIsVisible = 0;
			defaultConfigurationName = Release;
		};
		43233AC82B77D0B5008F03DB /* Build configuration list for PBXNativeTarget "TMDB" */ = {
			isa = XCConfigurationList;
			buildConfigurations = (
				43233AC92B77D0B5008F03DB /* Debug */,
				43233ACA2B77D0B5008F03DB /* Release */,
			);
			defaultConfigurationIsVisible = 0;
			defaultConfigurationName = Release;
		};
		43233ACB2B77D0B5008F03DB /* Build configuration list for PBXNativeTarget "TMDBTests" */ = {
			isa = XCConfigurationList;
			buildConfigurations = (
				43233ACC2B77D0B5008F03DB /* Debug */,
				43233ACD2B77D0B5008F03DB /* Release */,
			);
			defaultConfigurationIsVisible = 0;
			defaultConfigurationName = Release;
		};
		43233ACE2B77D0B5008F03DB /* Build configuration list for PBXNativeTarget "TMDBUITests" */ = {
			isa = XCConfigurationList;
			buildConfigurations = (
				43233ACF2B77D0B5008F03DB /* Debug */,
				43233AD02B77D0B5008F03DB /* Release */,
			);
			defaultConfigurationIsVisible = 0;
			defaultConfigurationName = Release;
		};
/* End XCConfigurationList section */
	};
	rootObject = 43233A962B77D0B0008F03DB /* Project object */;
}
